
Microsoft Visual Studio Solution File, Format Version 12.00
# Visual Studio Version 17
VisualStudioVersion = 17.0.31903.59
MinimumVisualStudioVersion = 10.0.40219.1
Project("{FAE04EC0-301F-11D3-BF4B-00C04F79EFBC}") = "OrderService.AppHost", "src\OrderService\OrderService.AppHost\OrderService.AppHost.csproj", "{FF35B746-B5EF-4201-BD0C-A15F4B2B770D}"
EndProject
Project("{9A19103F-16F7-4668-BE54-9A1E7A4F7556}") = "OrderService.ServiceDefaults", "src\OrderService\OrderService.ServiceDefaults\OrderService.ServiceDefaults.csproj", "{F457A932-4340-40FA-82D7-44BBA9A9728F}"
EndProject
Project("{9A19103F-16F7-4668-BE54-9A1E7A4F7556}") = "OrderService.ApiService", "src\OrderService\OrderService.ApiService\OrderService.ApiService.csproj", "{048D7D8C-B941-4C2F-A3EF-DC6B54AD69ED}"
EndProject
Project("{9A19103F-16F7-4668-BE54-9A1E7A4F7556}") = "OrderService.Web", "src\OrderService\OrderService.Web\OrderService.Web.csproj", "{31783192-9612-4D3F-8BA6-302EBDBDA736}"
EndProject
Global
	GlobalSection(SolutionConfigurationPlatforms) = preSolution
		Debug|Any CPU = Debug|Any CPU
		Release|Any CPU = Release|Any CPU
	EndGlobalSection
	GlobalSection(ProjectConfigurationPlatforms) = postSolution
		{FF35B746-B5EF-4201-BD0C-A15F4B2B770D}.Debug|Any CPU.ActiveCfg = Debug|Any CPU
		{FF35B746-B5EF-4201-BD0C-A15F4B2B770D}.Debug|Any CPU.Build.0 = Debug|Any CPU
		{FF35B746-B5EF-4201-BD0C-A15F4B2B770D}.Release|Any CPU.ActiveCfg = Release|Any CPU
		{FF35B746-B5EF-4201-BD0C-A15F4B2B770D}.Release|Any CPU.Build.0 = Release|Any CPU
		{F457A932-4340-40FA-82D7-44BBA9A9728F}.Debug|Any CPU.ActiveCfg = Debug|Any CPU
		{F457A932-4340-40FA-82D7-44BBA9A9728F}.Debug|Any CPU.Build.0 = Debug|Any CPU
		{F457A932-4340-40FA-82D7-44BBA9A9728F}.Release|Any CPU.ActiveCfg = Release|Any CPU
		{F457A932-4340-40FA-82D7-44BBA9A9728F}.Release|Any CPU.Build.0 = Release|Any CPU
		{048D7D8C-B941-4C2F-A3EF-DC6B54AD69ED}.Debug|Any CPU.ActiveCfg = Debug|Any CPU
		{048D7D8C-B941-4C2F-A3EF-DC6B54AD69ED}.Debug|Any CPU.Build.0 = Debug|Any CPU
		{048D7D8C-B941-4C2F-A3EF-DC6B54AD69ED}.Release|Any CPU.ActiveCfg = Release|Any CPU
		{048D7D8C-B941-4C2F-A3EF-DC6B54AD69ED}.Release|Any CPU.Build.0 = Release|Any CPU
		{31783192-9612-4D3F-8BA6-302EBDBDA736}.Debug|Any CPU.ActiveCfg = Debug|Any CPU
		{31783192-9612-4D3F-8BA6-302EBDBDA736}.Debug|Any CPU.Build.0 = Debug|Any CPU
		{31783192-9612-4D3F-8BA6-302EBDBDA736}.Release|Any CPU.ActiveCfg = Release|Any CPU
		{31783192-9612-4D3F-8BA6-302EBDBDA736}.Release|Any CPU.Build.0 = Release|Any CPU
	EndGlobalSection
	GlobalSection(SolutionProperties) = preSolution
		HideSolutionNode = FALSE
	EndGlobalSection
	GlobalSection(ExtensibilityGlobals) = postSolution
		SolutionGuid = {9010ADDA-7CF9-460E-9B77-819A65EA834A}
	EndGlobalSection
EndGlobal
